
Microsoft Visual Studio Solution File, Format Version 12.00
# Visual Studio Version 17
VisualStudioVersion = 17.5.33502.453
MinimumVisualStudioVersion = 10.0.40219.1
Project("{FAE04EC0-301F-11D3-BF4B-00C04F79EFBC}") = "ConsoleApp", "ConsoleApp.csproj", "{4B8A7CF4-0101-46D7-B2CE-7FCF39A0D44D}"
EndProject
Project("{FAE04EC0-301F-11D3-BF4B-00C04F79EFBC}") = "MVC", "..\MVC\MVC.csproj", "{EFDB88A4-84B2-4386-976E-93A88E428C06}"
EndProject
Global
	GlobalSection(SolutionConfigurationPlatforms) = preSolution
		Debug|Any CPU = Debug|Any CPU
		Release|Any CPU = Release|Any CPU
	EndGlobalSection
	GlobalSection(ProjectConfigurationPlatforms) = postSolution
		{4B8A7CF4-0101-46D7-B2CE-7FCF39A0D44D}.Debug|Any CPU.ActiveCfg = Debug|Any CPU
		{4B8A7CF4-0101-46D7-B2CE-7FCF39A0D44D}.Debug|Any CPU.Build.0 = Debug|Any CPU
		{4B8A7CF4-0101-46D7-B2CE-7FCF39A0D44D}.Release|Any CPU.ActiveCfg = Release|Any CPU
		{4B8A7CF4-0101-46D7-B2CE-7FCF39A0D44D}.Release|Any CPU.Build.0 = Release|Any CPU
		{EFDB88A4-84B2-4386-976E-93A88E428C06}.Debug|Any CPU.ActiveCfg = Debug|Any CPU
		{EFDB88A4-84B2-4386-976E-93A88E428C06}.Debug|Any CPU.Build.0 = Debug|Any CPU
		{EFDB88A4-84B2-4386-976E-93A88E428C06}.Release|Any CPU.ActiveCfg = Release|Any CPU
		{EFDB88A4-84B2-4386-976E-93A88E428C06}.Release|Any CPU.Build.0 = Release|Any CPU
	EndGlobalSection
	GlobalSection(SolutionProperties) = preSolution
		HideSolutionNode = FALSE
	EndGlobalSection
	GlobalSection(ExtensibilityGlobals) = postSolution
		SolutionGuid = {857295C3-0A16-438A-AE59-1FFEF6076D10}
	EndGlobalSection
EndGlobal
