
Microsoft Visual Studio Solution File, Format Version 12.00
# Visual Studio Version 17
VisualStudioVersion = 17.5.33502.453
MinimumVisualStudioVersion = 10.0.40219.1
Project("{FAE04EC0-301F-11D3-BF4B-00C04F79EFBC}") = "MVC", "MVC.csproj", "{0A644B7B-610F-4D9F-8B84-289692450C0F}"
EndProject
Global
	GlobalSection(SolutionConfigurationPlatforms) = preSolution
		Debug|Any CPU = Debug|Any CPU
		Release|Any CPU = Release|Any CPU
	EndGlobalSection
	GlobalSection(ProjectConfigurationPlatforms) = postSolution
		{0A644B7B-610F-4D9F-8B84-289692450C0F}.Debug|Any CPU.ActiveCfg = Debug|Any CPU
		{0A644B7B-610F-4D9F-8B84-289692450C0F}.Debug|Any CPU.Build.0 = Debug|Any CPU
		{0A644B7B-610F-4D9F-8B84-289692450C0F}.Release|Any CPU.ActiveCfg = Release|Any CPU
		{0A644B7B-610F-4D9F-8B84-289692450C0F}.Release|Any CPU.Build.0 = Release|Any CPU
	EndGlobalSection
	GlobalSection(SolutionProperties) = preSolution
		HideSolutionNode = FALSE
	EndGlobalSection
	GlobalSection(ExtensibilityGlobals) = postSolution
		SolutionGuid = {5868FDE8-6F1A-4D2B-BE25-02F0E15EF358}
	EndGlobalSection
EndGlobal
