
Microsoft Visual Studio Solution File, Format Version 12.00
# Visual Studio Version 17
VisualStudioVersion = 17.5.33516.290
MinimumVisualStudioVersion = 10.0.40219.1
Project("{FAE04EC0-301F-11D3-BF4B-00C04F79EFBC}") = "WebApplicationMVC", "WebApplicationMVC\WebApplicationMVC.csproj", "{B89A8C6C-D294-4B75-8EAD-D87C312F1511}"
EndProject
Global
	GlobalSection(SolutionConfigurationPlatforms) = preSolution
		Debug|Any CPU = Debug|Any CPU
		Release|Any CPU = Release|Any CPU
	EndGlobalSection
	GlobalSection(ProjectConfigurationPlatforms) = postSolution
		{B89A8C6C-D294-4B75-8EAD-D87C312F1511}.Debug|Any CPU.ActiveCfg = Debug|Any CPU
		{B89A8C6C-D294-4B75-8EAD-D87C312F1511}.Debug|Any CPU.Build.0 = Debug|Any CPU
		{B89A8C6C-D294-4B75-8EAD-D87C312F1511}.Release|Any CPU.ActiveCfg = Release|Any CPU
		{B89A8C6C-D294-4B75-8EAD-D87C312F1511}.Release|Any CPU.Build.0 = Release|Any CPU
	EndGlobalSection
	GlobalSection(SolutionProperties) = preSolution
		HideSolutionNode = FALSE
	EndGlobalSection
	GlobalSection(ExtensibilityGlobals) = postSolution
		SolutionGuid = {0F9C3D0E-4BC5-4D01-82AE-B0A5440BF063}
	EndGlobalSection
EndGlobal
